{
  "version": 4,
  "terraform_version": "1.7.4",
  "serial": 3,
  "lineage": "8740ec4f-cbb7-e848-a87a-1804732a05c0",
  "outputs": {
    "kubernetes_cluster_host": {
      "value": "34.91.29.25",
      "type": "string"
    },
    "kubernetes_cluster_name": {
      "value": "mlops-415023-gke",
      "type": "string"
    },
    "project_id": {
      "value": "mlops-415023",
      "type": "string"
    },
    "region": {
      "value": "europe-west4-a",
      "type": "string"
    }
  },
  "resources": [
    {
      "mode": "managed",
      "type": "google_container_cluster",
      "name": "primary",
      "provider": "provider[\"registry.terraform.io/hashicorp/google\"]",
      "instances": [
        {
          "schema_version": 1,
          "attributes": {
            "addons_config": [
              {
                "cloudrun_config": [],
                "config_connector_config": [],
                "dns_cache_config": [],
                "gce_persistent_disk_csi_driver_config": [
                  {
                    "enabled": true
                  }
                ],
                "gcp_filestore_csi_driver_config": [],
                "gcs_fuse_csi_driver_config": [],
                "gke_backup_agent_config": [],
                "horizontal_pod_autoscaling": [],
                "http_load_balancing": [],
                "network_policy_config": [
                  {
                    "disabled": true
                  }
                ]
              }
            ],
            "allow_net_admin": null,
            "authenticator_groups_config": [],
            "binary_authorization": [
              {
                "enabled": false,
                "evaluation_mode": ""
              }
            ],
            "cluster_autoscaling": [
              {
                "auto_provisioning_defaults": [],
                "enabled": false,
                "resource_limits": []
              }
            ],
            "cluster_ipv4_cidr": "10.16.0.0/14",
            "confidential_nodes": [],
            "cost_management_config": [],
            "database_encryption": [
              {
                "key_name": "",
                "state": "DECRYPTED"
              }
            ],
            "datapath_provider": "",
            "default_max_pods_per_node": null,
            "default_snat_status": [
              {
                "disabled": false
              }
            ],
            "description": "",
            "dns_config": [],
            "enable_autopilot": false,
            "enable_binary_authorization": false,
            "enable_intranode_visibility": false,
            "enable_k8s_beta_apis": [],
            "enable_kubernetes_alpha": false,
            "enable_l4_ilb_subsetting": false,
            "enable_legacy_abac": false,
            "enable_shielded_nodes": true,
            "enable_tpu": false,
            "endpoint": "34.91.29.25",
            "gateway_api_config": [],
            "id": "projects/mlops-415023/locations/europe-west4-a/clusters/mlops-415023-gke",
            "initial_node_count": 1,
            "ip_allocation_policy": [],
            "label_fingerprint": "a9dc16a7",
            "location": "europe-west4-a",
            "logging_config": [
              {
                "enable_components": [
                  "SYSTEM_COMPONENTS",
                  "WORKLOADS"
                ]
              }
            ],
            "logging_service": "logging.googleapis.com/kubernetes",
            "maintenance_policy": [],
            "master_auth": [
              {
                "client_certificate": "",
                "client_certificate_config": [
                  {
                    "issue_client_certificate": false
                  }
                ],
                "client_key": "",
                "cluster_ca_certificate": "LS0tLS1CRUdJTiBDRVJUSUZJQ0FURS0tLS0tCk1JSUVMVENDQXBXZ0F3SUJBZ0lSQVAwV25HNUpBTnpTVkdkRXJFRnZ2WTB3RFFZSktvWklodmNOQVFFTEJRQXcKTHpFdE1Dc0dBMVVFQXhNa1pUZGpaV1F5WkRBdFl6ZGhNaTAwTnpjd0xUbGtZemt0Wmpoa1lqWTFPR1k0Tm1JNApNQ0FYRFRJME1ESXlPVEF3TURNeU1Gb1lEekl3TlRRd01qSXhNREV3TXpJd1dqQXZNUzB3S3dZRFZRUURFeVJsCk4yTmxaREprTUMxak4yRXlMVFEzTnpBdE9XUmpPUzFtT0dSaU5qVTRaamcyWWpnd2dnR2lNQTBHQ1NxR1NJYjMKRFFFQkFRVUFBNElCandBd2dnR0tBb0lCZ1FDNXMxL0x2eW9uaDQvdkJ3OW9kckNENFZvRWhKcVNKaXlYZmJucQp3NVk3Uk9Vczg4M2wwT2V1SlRqUXFkM2Vpb1FlV0FvMEJQZEJXL3lKem1pd0ZianJJTm9CcjM4NTljQXRLc1EzCklRQ2g2bWtidVdsVEw4WGlEWGsrUk9RbC9WYnZ0UWVvUFhSRkpuM3BYUU51WGhpNnhjZDJvdXZ1aFVVZ2JCU1gKQXUxK1c4YVhzK0FUcFg4VCtac2txVWZOa1lJYkxWVEJuMzFoMys5ZzBYbU9STlVWKzMxZ1dKZ3dQS0JQZ1BxSQpmUVJUWFNRN3VONnYycTZSRHhpZS90T2tEd1JMQkhjaHQ4UEU1Vi9ZOFZJdjFTdEl0MjJIRmxXeVJ2bm5yVWUwCjhlT2tvUEt2UXZRbjg0QVo5RS9senFaMWNLaGFxU3BjQjNBT2UyWElnblVEblE2NlNRV294R3l3WTlNUXVkMTUKR2tONzZGbHdPa0NZRk55SkxDSUNZU2s0SXNnaEZDT2ZnN3hROUVRSjJMRDFQZGRJUUZZWXJ6R0V6T2RVdzQ4WgpDbGp6WWExKzNZT2trWHdnRG1LWFpWQlFqcU9vSHhvaXpZQk9qMHR3bW10MjRSWXV1eG4vcXFKWHN2SnpvU3B5CktzOFY2NXBPVXBMcW9RUzEzN2xlSzBsRXB3Y0NBd0VBQWFOQ01FQXdEZ1lEVlIwUEFRSC9CQVFEQWdJRU1BOEcKQTFVZEV3RUIvd1FGTUFNQkFmOHdIUVlEVlIwT0JCWUVGQ2ttREtKQW5sVW1yajJOQ3c5b3c4RlVqdno5TUEwRwpDU3FHU0liM0RRRUJDd1VBQTRJQmdRQjdzaFFFUzJ6K0xLeTZQYmNIeldqM1E5ZU84SmdtTkQzNFREb2dORXQ1Ci9ZYU9lcUhFcUE5UDM0c0U3Y0dFcFFTZW9NRjRPd0plRzdsMTRvVUNlMmE1WHd3NWU0cUUwN3lab0VwQ2NJeFQKeGZyL3V3ZGM0Y0ZxRVdOdU1peC8vV1htWWdkRVZiMUpVdWhvYldHMDIyNnJOT2M4NklYQitkbFNOc1dXTG16QQpGRWx2MmxrM2ZzTG54VjNBeGdUSGFvNzIzU3JMVWI3M2JxYkhZODBraEFpbGJucDVaREFuVVpSOVFXN3lmWXFiCmdvc016VzBkTlU0dXU0R2k1M1ljYTlvaThPendGR3ZBSDdzYklqMEFnUEQ4djQ2RWtRY0J2UVVET0p0WnRBUEgKN2tHQXgydkVUclRpNDdQenpqMjgxRUE4QU1ma0M3R1Fhdzg3ckY4NGNYbHUrR1U5TnRncGt2NjFmV056Mzd3cQpYbGhOU1RGKzMvWHVTa1AxTjJVVXJuL1Q5aFdNdW5SVjRXYSsrUmwzNUJxUE1nTWVwZkdLOEVMZmxVU1JIUkNrCjJFSW15aXBLTllXb2ZsTDJ3a2xYQzg0TVl2U1lVbTd5dFZVSEI0RkhuUitwT1VPQ05CeFZHWmZsOHZsZ2Q4cUEKS1RmUXVjVUp1Sis3MGRRVHRYb3BQKzg9Ci0tLS0tRU5EIENFUlRJRklDQVRFLS0tLS0K"
              }
            ],
            "master_authorized_networks_config": [],
            "master_version": "1.27.8-gke.1067004",
            "mesh_certificates": [],
            "min_master_version": null,
            "monitoring_config": [
              {
                "advanced_datapath_observability_config": [
                  {
                    "enable_metrics": false,
                    "relay_mode": ""
                  }
                ],
                "enable_components": [
                  "SYSTEM_COMPONENTS"
                ],
                "managed_prometheus": [
                  {
                    "enabled": true
                  }
                ]
              }
            ],
            "monitoring_service": "monitoring.googleapis.com/kubernetes",
            "name": "mlops-415023-gke",
            "network": "projects/mlops-415023/global/networks/default",
            "network_policy": [
              {
                "enabled": false,
                "provider": "PROVIDER_UNSPECIFIED"
              }
            ],
            "networking_mode": "ROUTES",
            "node_config": [],
            "node_locations": [],
            "node_pool": [],
            "node_pool_defaults": [
              {
                "node_config_defaults": [
                  {
                    "logging_variant": "DEFAULT"
                  }
                ]
              }
            ],
            "node_version": "1.27.8-gke.1067004",
            "notification_config": [
              {
                "pubsub": [
                  {
                    "enabled": false,
                    "filter": [],
                    "topic": ""
                  }
                ]
              }
            ],
            "operation": null,
            "private_cluster_config": [
              {
                "enable_private_endpoint": false,
                "enable_private_nodes": false,
                "master_global_access_config": [
                  {
                    "enabled": false
                  }
                ],
                "master_ipv4_cidr_block": "",
                "peering_name": "",
                "private_endpoint": "10.164.0.2",
                "private_endpoint_subnetwork": "",
                "public_endpoint": "34.91.29.25"
              }
            ],
            "private_ipv6_google_access": "",
            "project": "mlops-415023",
            "release_channel": [
              {
                "channel": "REGULAR"
              }
            ],
            "remove_default_node_pool": true,
            "resource_labels": null,
            "resource_usage_export_config": [],
            "security_posture_config": [
              {
                "mode": "BASIC",
                "vulnerability_mode": "VULNERABILITY_MODE_UNSPECIFIED"
              }
            ],
            "self_link": "https://container.googleapis.com/v1/projects/mlops-415023/zones/europe-west4-a/clusters/mlops-415023-gke",
            "service_external_ips_config": [
              {
                "enabled": false
              }
            ],
            "services_ipv4_cidr": "10.19.240.0/20",
            "subnetwork": "projects/mlops-415023/regions/europe-west4/subnetworks/default",
            "timeouts": null,
            "tpu_ipv4_cidr_block": "",
            "vertical_pod_autoscaling": [],
            "workload_identity_config": []
          },
          "sensitive_attributes": [],
          "private": "eyJlMmJmYjczMC1lY2FhLTExZTYtOGY4OC0zNDM2M2JjN2M0YzAiOnsiY3JlYXRlIjoyNDAwMDAwMDAwMDAwLCJkZWxldGUiOjI0MDAwMDAwMDAwMDAsInJlYWQiOjI0MDAwMDAwMDAwMDAsInVwZGF0ZSI6MzYwMDAwMDAwMDAwMH0sInNjaGVtYV92ZXJzaW9uIjoiMSJ9"
        }
      ]
    },
    {
      "mode": "managed",
      "type": "google_container_node_pool",
      "name": "primary_preemptible_nodes",
      "provider": "provider[\"registry.terraform.io/hashicorp/google\"]",
      "instances": [
        {
          "schema_version": 1,
          "attributes": {
            "autoscaling": [],
            "cluster": "mlops-415023-gke",
            "id": "projects/mlops-415023/locations/europe-west4-a/clusters/mlops-415023-gke/nodePools/node-pool",
            "initial_node_count": 1,
            "instance_group_urls": [
              "https://www.googleapis.com/compute/v1/projects/mlops-415023/zones/europe-west4-a/instanceGroupManagers/gke-mlops-415023-gke-node-pool-6d799387-grp"
            ],
            "location": "europe-west4-a",
            "managed_instance_group_urls": [
              "https://www.googleapis.com/compute/v1/projects/mlops-415023/zones/europe-west4-a/instanceGroups/gke-mlops-415023-gke-node-pool-6d799387-grp"
            ],
            "management": [
              {
                "auto_repair": true,
                "auto_upgrade": true
              }
            ],
            "max_pods_per_node": null,
            "name": "node-pool",
            "name_prefix": "",
            "network_config": [
              {
                "create_pod_range": false,
                "enable_private_nodes": false,
                "pod_cidr_overprovision_config": [],
                "pod_ipv4_cidr_block": "",
                "pod_range": ""
              }
            ],
            "node_config": [
              {
                "advanced_machine_features": [],
                "boot_disk_kms_key": "",
                "disk_size_gb": 100,
                "disk_type": "pd-balanced",
                "ephemeral_storage_local_ssd_config": [],
                "gcfs_config": [],
                "guest_accelerator": [],
                "gvnic": [],
                "host_maintenance_policy": [],
                "image_type": "COS_CONTAINERD",
                "kubelet_config": [],
                "labels": {},
                "linux_node_config": [],
                "local_nvme_ssd_block_config": [],
                "local_ssd_count": 0,
                "logging_variant": "DEFAULT",
                "machine_type": "e2-standard-4",
                "metadata": {
                  "disable-legacy-endpoints": "true"
                },
                "min_cpu_platform": "",
                "node_group": "",
                "oauth_scopes": [
                  "https://www.googleapis.com/auth/devstorage.read_only",
                  "https://www.googleapis.com/auth/logging.write",
                  "https://www.googleapis.com/auth/monitoring",
                  "https://www.googleapis.com/auth/service.management.readonly",
                  "https://www.googleapis.com/auth/servicecontrol",
                  "https://www.googleapis.com/auth/trace.append"
                ],
                "preemptible": true,
                "reservation_affinity": [],
                "resource_labels": null,
                "service_account": "default",
                "shielded_instance_config": [
                  {
                    "enable_integrity_monitoring": true,
                    "enable_secure_boot": false
                  }
                ],
                "sole_tenant_config": [],
                "spot": false,
                "tags": null,
                "taint": [],
                "workload_metadata_config": []
              }
            ],
            "node_count": 1,
            "node_locations": [
              "europe-west4-a"
            ],
            "operation": null,
            "placement_policy": [],
            "project": "mlops-415023",
            "timeouts": null,
            "upgrade_settings": [
              {
                "blue_green_settings": [],
                "max_surge": 1,
                "max_unavailable": 0,
                "strategy": "SURGE"
              }
            ],
            "version": "1.27.8-gke.1067004"
          },
          "sensitive_attributes": [],
          "private": "eyJlMmJmYjczMC1lY2FhLTExZTYtOGY4OC0zNDM2M2JjN2M0YzAiOnsiY3JlYXRlIjoxODAwMDAwMDAwMDAwLCJkZWxldGUiOjE4MDAwMDAwMDAwMDAsInVwZGF0ZSI6MTgwMDAwMDAwMDAwMH0sInNjaGVtYV92ZXJzaW9uIjoiMSJ9",
          "dependencies": [
            "google_container_cluster.primary"
          ]
        }
      ]
    }
  ],
  "check_results": null
}
